
Microsoft Visual Studio Solution File, Format Version 12.00
# Visual Studio 15
Project("{FAE04EC0-301F-11D3-BF4B-00C04F79EFBC}") = "CoronaLog.Android", "CoronaLog.Android\CoronaLog.Android.csproj", "{1048BEFC-8075-4394-864C-7E13DFC5A5EE}"
EndProject
Project("{FAE04EC0-301F-11D3-BF4B-00C04F79EFBC}") = "CoronaLog.iOS", "CoronaLog.iOS\CoronaLog.iOS.csproj", "{29D96D61-A3A2-4629-93D0-7E2643DB1C0F}"
EndProject
Project("{FAE04EC0-301F-11D3-BF4B-00C04F79EFBC}") = "CoronaLog", "CoronaLog\CoronaLog.csproj", "{20EC8F71-8F42-4441-AD94-EA7DAB74916B}"
EndProject
Global
	GlobalSection(SolutionConfigurationPlatforms) = preSolution
		Debug|Any CPU = Debug|Any CPU
		Release|Any CPU = Release|Any CPU
		Debug|iPhoneSimulator = Debug|iPhoneSimulator
		Release|iPhoneSimulator = Release|iPhoneSimulator
		Debug|iPhone = Debug|iPhone
		Release|iPhone = Release|iPhone
	EndGlobalSection
	GlobalSection(ProjectConfigurationPlatforms) = postSolution
		{1048BEFC-8075-4394-864C-7E13DFC5A5EE}.Debug|Any CPU.ActiveCfg = Debug|Any CPU
		{1048BEFC-8075-4394-864C-7E13DFC5A5EE}.Debug|Any CPU.Build.0 = Debug|Any CPU
		{1048BEFC-8075-4394-864C-7E13DFC5A5EE}.Release|Any CPU.ActiveCfg = Release|Any CPU
		{1048BEFC-8075-4394-864C-7E13DFC5A5EE}.Release|Any CPU.Build.0 = Release|Any CPU
		{1048BEFC-8075-4394-864C-7E13DFC5A5EE}.Debug|iPhoneSimulator.ActiveCfg = Debug|Any CPU
		{1048BEFC-8075-4394-864C-7E13DFC5A5EE}.Debug|iPhoneSimulator.Build.0 = Debug|Any CPU
		{1048BEFC-8075-4394-864C-7E13DFC5A5EE}.Release|iPhoneSimulator.ActiveCfg = Release|Any CPU
		{1048BEFC-8075-4394-864C-7E13DFC5A5EE}.Release|iPhoneSimulator.Build.0 = Release|Any CPU
		{1048BEFC-8075-4394-864C-7E13DFC5A5EE}.Debug|iPhone.ActiveCfg = Debug|Any CPU
		{1048BEFC-8075-4394-864C-7E13DFC5A5EE}.Debug|iPhone.Build.0 = Debug|Any CPU
		{1048BEFC-8075-4394-864C-7E13DFC5A5EE}.Release|iPhone.ActiveCfg = Release|Any CPU
		{1048BEFC-8075-4394-864C-7E13DFC5A5EE}.Release|iPhone.Build.0 = Release|Any CPU
		{29D96D61-A3A2-4629-93D0-7E2643DB1C0F}.Debug|Any CPU.ActiveCfg = Debug|iPhoneSimulator
		{29D96D61-A3A2-4629-93D0-7E2643DB1C0F}.Debug|Any CPU.Build.0 = Debug|iPhoneSimulator
		{29D96D61-A3A2-4629-93D0-7E2643DB1C0F}.Release|Any CPU.ActiveCfg = Release|iPhoneSimulator
		{29D96D61-A3A2-4629-93D0-7E2643DB1C0F}.Release|Any CPU.Build.0 = Release|iPhoneSimulator
		{29D96D61-A3A2-4629-93D0-7E2643DB1C0F}.Debug|iPhoneSimulator.ActiveCfg = Debug|iPhoneSimulator
		{29D96D61-A3A2-4629-93D0-7E2643DB1C0F}.Debug|iPhoneSimulator.Build.0 = Debug|iPhoneSimulator
		{29D96D61-A3A2-4629-93D0-7E2643DB1C0F}.Release|iPhoneSimulator.ActiveCfg = Release|iPhoneSimulator
		{29D96D61-A3A2-4629-93D0-7E2643DB1C0F}.Release|iPhoneSimulator.Build.0 = Release|iPhoneSimulator
		{29D96D61-A3A2-4629-93D0-7E2643DB1C0F}.Debug|iPhone.ActiveCfg = Debug|iPhone
		{29D96D61-A3A2-4629-93D0-7E2643DB1C0F}.Debug|iPhone.Build.0 = Debug|iPhone
		{29D96D61-A3A2-4629-93D0-7E2643DB1C0F}.Release|iPhone.ActiveCfg = Release|iPhone
		{29D96D61-A3A2-4629-93D0-7E2643DB1C0F}.Release|iPhone.Build.0 = Release|iPhone
		{20EC8F71-8F42-4441-AD94-EA7DAB74916B}.Debug|Any CPU.ActiveCfg = Debug|Any CPU
		{20EC8F71-8F42-4441-AD94-EA7DAB74916B}.Debug|Any CPU.Build.0 = Debug|Any CPU
		{20EC8F71-8F42-4441-AD94-EA7DAB74916B}.Release|Any CPU.ActiveCfg = Release|Any CPU
		{20EC8F71-8F42-4441-AD94-EA7DAB74916B}.Release|Any CPU.Build.0 = Release|Any CPU
		{20EC8F71-8F42-4441-AD94-EA7DAB74916B}.Debug|iPhoneSimulator.ActiveCfg = Debug|Any CPU
		{20EC8F71-8F42-4441-AD94-EA7DAB74916B}.Debug|iPhoneSimulator.Build.0 = Debug|Any CPU
		{20EC8F71-8F42-4441-AD94-EA7DAB74916B}.Release|iPhoneSimulator.ActiveCfg = Release|Any CPU
		{20EC8F71-8F42-4441-AD94-EA7DAB74916B}.Release|iPhoneSimulator.Build.0 = Release|Any CPU
		{20EC8F71-8F42-4441-AD94-EA7DAB74916B}.Debug|iPhone.ActiveCfg = Debug|Any CPU
		{20EC8F71-8F42-4441-AD94-EA7DAB74916B}.Debug|iPhone.Build.0 = Debug|Any CPU
		{20EC8F71-8F42-4441-AD94-EA7DAB74916B}.Release|iPhone.ActiveCfg = Release|Any CPU
		{20EC8F71-8F42-4441-AD94-EA7DAB74916B}.Release|iPhone.Build.0 = Release|Any CPU
	EndGlobalSection
EndGlobal
